
Microsoft Visual Studio Solution File, Format Version 12.00
# Visual Studio Version 17
VisualStudioVersion = 17.14.36623.8 d17.14
MinimumVisualStudioVersion = 10.0.40219.1
Project("{FAE04EC0-301F-11D3-BF4B-00C04F79EFBC}") = "MWL4", "MWL4.csproj", "{A3DE8EB7-C80F-4F34-BCDC-253F646C7FE1}"
EndProject
Global
	GlobalSection(SolutionConfigurationPlatforms) = preSolution
		Debug|Any CPU = Debug|Any CPU
		Release|Any CPU = Release|Any CPU
	EndGlobalSection
	GlobalSection(ProjectConfigurationPlatforms) = postSolution
		{A3DE8EB7-C80F-4F34-BCDC-253F646C7FE1}.Debug|Any CPU.ActiveCfg = Debug|Any CPU
		{A3DE8EB7-C80F-4F34-BCDC-253F646C7FE1}.Debug|Any CPU.Build.0 = Debug|Any CPU
		{A3DE8EB7-C80F-4F34-BCDC-253F646C7FE1}.Release|Any CPU.ActiveCfg = Release|Any CPU
		{A3DE8EB7-C80F-4F34-BCDC-253F646C7FE1}.Release|Any CPU.Build.0 = Release|Any CPU
	EndGlobalSection
	GlobalSection(SolutionProperties) = preSolution
		HideSolutionNode = FALSE
	EndGlobalSection
	GlobalSection(ExtensibilityGlobals) = postSolution
		SolutionGuid = {5ACB48F2-C0F4-423A-83A3-80BEB4948F91}
	EndGlobalSection
EndGlobal
